// !$*UTF8*$!
{
	archiveVersion = 1;
	classes = {
	};
	objectVersion = 46;
	objects = {

/* Begin PBXBuildFile section */
		D71757261AE8D5CC009F7E6C /* result256_10_2.txt in Resources */ = {isa = PBXBuildFile; fileRef = D71757251AE8D5CC009F7E6C /* result256_10_2.txt */; };
		D723F63F1ADE103700438F64 /* Photos.framework in Frameworks */ = {isa = PBXBuildFile; fileRef = D723F63E1ADE103700438F64 /* Photos.framework */; };
		D73EF3621AAD7D5700374F7E /* opencv2.framework in Frameworks */ = {isa = PBXBuildFile; fileRef = D73EF3611AAD7D5700374F7E /* opencv2.framework */; };
		D74D90DA1AE79E4C00F75A4A /* rootViewController.m in Sources */ = {isa = PBXBuildFile; fileRef = D74D90D91AE79E4C00F75A4A /* rootViewController.m */; };
		D74D90DD1AE79FA300F75A4A /* openCVClassifierApp.mm in Sources */ = {isa = PBXBuildFile; fileRef = D74D90DC1AE79FA300F75A4A /* openCVClassifierApp.mm */; };
		D7596DCF1ABABB71006B2C1A /* findImageVc.m in Sources */ = {isa = PBXBuildFile; fileRef = D7596DCE1ABABB71006B2C1A /* findImageVc.m */; };
		D77137751AA9760C00BB9FED /* opencvWarp.mm in Sources */ = {isa = PBXBuildFile; fileRef = D77137731AA9760C00BB9FED /* opencvWarp.mm */; };
		D78AD1791AA7020100D32A94 /* Images.xcassets in Resources */ = {isa = PBXBuildFile; fileRef = D78AD1781AA7020100D32A94 /* Images.xcassets */; };
		D79C0F8C1AC2A8D800E2760C /* result.txt in Resources */ = {isa = PBXBuildFile; fileRef = D79C0F8B1AC2A8D800E2760C /* result.txt */; };
		D7E725901AA486D10016F1E4 /* main.m in Sources */ = {isa = PBXBuildFile; fileRef = D7E7258F1AA486D10016F1E4 /* main.m */; };
		D7E725931AA486D10016F1E4 /* AppDelegate.m in Sources */ = {isa = PBXBuildFile; fileRef = D7E725921AA486D10016F1E4 /* AppDelegate.m */; };
		D7E725961AA486D10016F1E4 /* ViewController.m in Sources */ = {isa = PBXBuildFile; fileRef = D7E725951AA486D10016F1E4 /* ViewController.m */; };
		D7E725991AA486D10016F1E4 /* Main.storyboard in Resources */ = {isa = PBXBuildFile; fileRef = D7E725971AA486D10016F1E4 /* Main.storyboard */; };
		D7E7259E1AA486D10016F1E4 /* LaunchScreen.xib in Resources */ = {isa = PBXBuildFile; fileRef = D7E7259C1AA486D10016F1E4 /* LaunchScreen.xib */; };
		D7E725AA1AA486D10016F1E4 /* matchTempleTests.m in Sources */ = {isa = PBXBuildFile; fileRef = D7E725A91AA486D10016F1E4 /* matchTempleTests.m */; };
		D7E725B61AA4870A0016F1E4 /* AssetsLibrary.framework in Frameworks */ = {isa = PBXBuildFile; fileRef = D7E725B51AA4870A0016F1E4 /* AssetsLibrary.framework */; };
		D7E725C11AA48B360016F1E4 /* UIImage+OpenCV.mm in Sources */ = {isa = PBXBuildFile; fileRef = D7E725C01AA48B360016F1E4 /* UIImage+OpenCV.mm */; };
		D7E725C91AA48EEA0016F1E4 /* opencvImageProc.mm in Sources */ = {isa = PBXBuildFile; fileRef = D7E725C81AA48EEA0016F1E4 /* opencvImageProc.mm */; };
/* End PBXBuildFile section */

/* Begin PBXContainerItemProxy section */
		D7E725A41AA486D10016F1E4 /* PBXContainerItemProxy */ = {
			isa = PBXContainerItemProxy;
			containerPortal = D7E725821AA486D10016F1E4 /* Project object */;
			proxyType = 1;
			remoteGlobalIDString = D7E725891AA486D10016F1E4;
			remoteInfo = matchTemple;
		};
/* End PBXContainerItemProxy section */

/* Begin PBXFileReference section */
		D71757251AE8D5CC009F7E6C /* result256_10_2.txt */ = {isa = PBXFileReference; fileEncoding = 4; lastKnownFileType = text; path = result256_10_2.txt; sourceTree = SOURCE_ROOT; };
		D723F63E1ADE103700438F64 /* Photos.framework */ = {isa = PBXFileReference; lastKnownFileType = wrapper.framework; name = Photos.framework; path = System/Library/Frameworks/Photos.framework; sourceTree = SDKROOT; };
		D73EF3611AAD7D5700374F7E /* opencv2.framework */ = {isa = PBXFileReference; lastKnownFileType = wrapper.framework; name = opencv2.framework; path = matchTemple/opencv2.framework; sourceTree = "<group>"; };
		D74D90D81AE79E4C00F75A4A /* rootViewController.h */ = {isa = PBXFileReference; fileEncoding = 4; lastKnownFileType = sourcecode.c.h; path = rootViewController.h; sourceTree = "<group>"; };
		D74D90D91AE79E4C00F75A4A /* rootViewController.m */ = {isa = PBXFileReference; fileEncoding = 4; lastKnownFileType = sourcecode.c.objc; path = rootViewController.m; sourceTree = "<group>"; };
		D74D90DB1AE79FA300F75A4A /* openCVClassifierApp.h */ = {isa = PBXFileReference; fileEncoding = 4; lastKnownFileType = sourcecode.c.h; path = openCVClassifierApp.h; sourceTree = "<group>"; };
		D74D90DC1AE79FA300F75A4A /* openCVClassifierApp.mm */ = {isa = PBXFileReference; fileEncoding = 4; lastKnownFileType = sourcecode.cpp.objcpp; path = openCVClassifierApp.mm; sourceTree = "<group>"; };
		D7596DCD1ABABB71006B2C1A /* findImageVc.h */ = {isa = PBXFileReference; fileEncoding = 4; lastKnownFileType = sourcecode.c.h; path = findImageVc.h; sourceTree = "<group>"; };
		D7596DCE1ABABB71006B2C1A /* findImageVc.m */ = {isa = PBXFileReference; fileEncoding = 4; lastKnownFileType = sourcecode.c.objc; path = findImageVc.m; sourceTree = "<group>"; };
		D77137731AA9760C00BB9FED /* opencvWarp.mm */ = {isa = PBXFileReference; fileEncoding = 4; lastKnownFileType = sourcecode.cpp.objcpp; path = opencvWarp.mm; sourceTree = "<group>"; };
		D77137741AA9760C00BB9FED /* opencvWarp.h */ = {isa = PBXFileReference; fileEncoding = 4; lastKnownFileType = sourcecode.c.h; path = opencvWarp.h; sourceTree = "<group>"; };
		D78AD1781AA7020100D32A94 /* Images.xcassets */ = {isa = PBXFileReference; lastKnownFileType = folder.assetcatalog; name = Images.xcassets; path = matchTemple/Images.xcassets; sourceTree = "<group>"; };
		D79C0F8B1AC2A8D800E2760C /* result.txt */ = {isa = PBXFileReference; fileEncoding = 4; lastKnownFileType = text; path = result.txt; sourceTree = SOURCE_ROOT; };
		D7E7258A1AA486D10016F1E4 /* matchTemple.app */ = {isa = PBXFileReference; explicitFileType = wrapper.application; includeInIndex = 0; path = matchTemple.app; sourceTree = BUILT_PRODUCTS_DIR; };
		D7E7258E1AA486D10016F1E4 /* Info.plist */ = {isa = PBXFileReference; lastKnownFileType = text.plist.xml; path = Info.plist; sourceTree = "<group>"; };
		D7E7258F1AA486D10016F1E4 /* main.m */ = {isa = PBXFileReference; lastKnownFileType = sourcecode.c.objc; path = main.m; sourceTree = "<group>"; };
		D7E725911AA486D10016F1E4 /* AppDelegate.h */ = {isa = PBXFileReference; lastKnownFileType = sourcecode.c.h; path = AppDelegate.h; sourceTree = "<group>"; };
		D7E725921AA486D10016F1E4 /* AppDelegate.m */ = {isa = PBXFileReference; lastKnownFileType = sourcecode.c.objc; path = AppDelegate.m; sourceTree = "<group>"; };
		D7E725941AA486D10016F1E4 /* ViewController.h */ = {isa = PBXFileReference; lastKnownFileType = sourcecode.c.h; path = ViewController.h; sourceTree = "<group>"; };
		D7E725951AA486D10016F1E4 /* ViewController.m */ = {isa = PBXFileReference; lastKnownFileType = sourcecode.c.objc; path = ViewController.m; sourceTree = "<group>"; };
		D7E725981AA486D10016F1E4 /* Base */ = {isa = PBXFileReference; lastKnownFileType = file.storyboard; name = Base; path = Base.lproj/Main.storyboard; sourceTree = "<group>"; };
		D7E7259D1AA486D10016F1E4 /* Base */ = {isa = PBXFileReference; lastKnownFileType = file.xib; name = Base; path = Base.lproj/LaunchScreen.xib; sourceTree = "<group>"; };
		D7E725A31AA486D10016F1E4 /* matchTempleTests.xctest */ = {isa = PBXFileReference; explicitFileType = wrapper.cfbundle; includeInIndex = 0; path = matchTempleTests.xctest; sourceTree = BUILT_PRODUCTS_DIR; };
		D7E725A81AA486D10016F1E4 /* Info.plist */ = {isa = PBXFileReference; lastKnownFileType = text.plist.xml; path = Info.plist; sourceTree = "<group>"; };
		D7E725A91AA486D10016F1E4 /* matchTempleTests.m */ = {isa = PBXFileReference; lastKnownFileType = sourcecode.c.objc; path = matchTempleTests.m; sourceTree = "<group>"; };
		D7E725B51AA4870A0016F1E4 /* AssetsLibrary.framework */ = {isa = PBXFileReference; lastKnownFileType = wrapper.framework; name = AssetsLibrary.framework; path = System/Library/Frameworks/AssetsLibrary.framework; sourceTree = SDKROOT; };
		D7E725BF1AA48B360016F1E4 /* UIImage+OpenCV.h */ = {isa = PBXFileReference; fileEncoding = 4; lastKnownFileType = sourcecode.c.h; path = "UIImage+OpenCV.h"; sourceTree = "<group>"; };
		D7E725C01AA48B360016F1E4 /* UIImage+OpenCV.mm */ = {isa = PBXFileReference; fileEncoding = 4; lastKnownFileType = sourcecode.cpp.objcpp; path = "UIImage+OpenCV.mm"; sourceTree = "<group>"; };
		D7E725C71AA48EEA0016F1E4 /* opencvImageProc.h */ = {isa = PBXFileReference; fileEncoding = 4; lastKnownFileType = sourcecode.c.h; path = opencvImageProc.h; sourceTree = "<group>"; };
		D7E725C81AA48EEA0016F1E4 /* opencvImageProc.mm */ = {isa = PBXFileReference; fileEncoding = 4; lastKnownFileType = sourcecode.cpp.objcpp; path = opencvImageProc.mm; sourceTree = "<group>"; };
/* End PBXFileReference section */

/* Begin PBXFrameworksBuildPhase section */
		D7E725871AA486D10016F1E4 /* Frameworks */ = {
			isa = PBXFrameworksBuildPhase;
			buildActionMask = 2147483647;
			files = (
				D723F63F1ADE103700438F64 /* Photos.framework in Frameworks */,
				D73EF3621AAD7D5700374F7E /* opencv2.framework in Frameworks */,
				D7E725B61AA4870A0016F1E4 /* AssetsLibrary.framework in Frameworks */,
			);
			runOnlyForDeploymentPostprocessing = 0;
		};
		D7E725A01AA486D10016F1E4 /* Frameworks */ = {
			isa = PBXFrameworksBuildPhase;
			buildActionMask = 2147483647;
			files = (
			);
			runOnlyForDeploymentPostprocessing = 0;
		};
/* End PBXFrameworksBuildPhase section */

/* Begin PBXGroup section */
		D7E725811AA486D10016F1E4 = {
			isa = PBXGroup;
			children = (
				D723F63E1ADE103700438F64 /* Photos.framework */,
				D73EF3611AAD7D5700374F7E /* opencv2.framework */,
				D78AD1781AA7020100D32A94 /* Images.xcassets */,
				D7E725B51AA4870A0016F1E4 /* AssetsLibrary.framework */,
				D7E7258C1AA486D10016F1E4 /* matchTemple */,
				D7E725A61AA486D10016F1E4 /* matchTempleTests */,
				D7E7258B1AA486D10016F1E4 /* Products */,
			);
			sourceTree = "<group>";
		};
		D7E7258B1AA486D10016F1E4 /* Products */ = {
			isa = PBXGroup;
			children = (
				D7E7258A1AA486D10016F1E4 /* matchTemple.app */,
				D7E725A31AA486D10016F1E4 /* matchTempleTests.xctest */,
			);
			name = Products;
			sourceTree = "<group>";
		};
		D7E7258C1AA486D10016F1E4 /* matchTemple */ = {
			isa = PBXGroup;
			children = (
				D71757251AE8D5CC009F7E6C /* result256_10_2.txt */,
				D79C0F8B1AC2A8D800E2760C /* result.txt */,
				D7E725911AA486D10016F1E4 /* AppDelegate.h */,
				D7E725921AA486D10016F1E4 /* AppDelegate.m */,
				D7E725941AA486D10016F1E4 /* ViewController.h */,
				D7E725951AA486D10016F1E4 /* ViewController.m */,
				D7596DCD1ABABB71006B2C1A /* findImageVc.h */,
				D7596DCE1ABABB71006B2C1A /* findImageVc.m */,
				D7E725C71AA48EEA0016F1E4 /* opencvImageProc.h */,
				D7E725C81AA48EEA0016F1E4 /* opencvImageProc.mm */,
				D77137731AA9760C00BB9FED /* opencvWarp.mm */,
				D77137741AA9760C00BB9FED /* opencvWarp.h */,
				D7E725BF1AA48B360016F1E4 /* UIImage+OpenCV.h */,
				D7E725C01AA48B360016F1E4 /* UIImage+OpenCV.mm */,
				D7E725971AA486D10016F1E4 /* Main.storyboard */,
				D7E7259C1AA486D10016F1E4 /* LaunchScreen.xib */,
				D7E7258D1AA486D10016F1E4 /* Supporting Files */,
				D74D90D81AE79E4C00F75A4A /* rootViewController.h */,
				D74D90D91AE79E4C00F75A4A /* rootViewController.m */,
				D74D90DB1AE79FA300F75A4A /* openCVClassifierApp.h */,
				D74D90DC1AE79FA300F75A4A /* openCVClassifierApp.mm */,
			);
			path = matchTemple;
			sourceTree = "<group>";
		};
		D7E7258D1AA486D10016F1E4 /* Supporting Files */ = {
			isa = PBXGroup;
			children = (
				D7E7258E1AA486D10016F1E4 /* Info.plist */,
				D7E7258F1AA486D10016F1E4 /* main.m */,
			);
			name = "Supporting Files";
			sourceTree = "<group>";
		};
		D7E725A61AA486D10016F1E4 /* matchTempleTests */ = {
			isa = PBXGroup;
			children = (
				D7E725A91AA486D10016F1E4 /* matchTempleTests.m */,
				D7E725A71AA486D10016F1E4 /* Supporting Files */,
			);
			path = matchTempleTests;
			sourceTree = "<group>";
		};
		D7E725A71AA486D10016F1E4 /* Supporting Files */ = {
			isa = PBXGroup;
			children = (
				D7E725A81AA486D10016F1E4 /* Info.plist */,
			);
			name = "Supporting Files";
			sourceTree = "<group>";
		};
/* End PBXGroup section */

/* Begin PBXNativeTarget section */
		D7E725891AA486D10016F1E4 /* matchTemple */ = {
			isa = PBXNativeTarget;
			buildConfigurationList = D7E725AD1AA486D10016F1E4 /* Build configuration list for PBXNativeTarget "matchTemple" */;
			buildPhases = (
				D7E725861AA486D10016F1E4 /* Sources */,
				D7E725871AA486D10016F1E4 /* Frameworks */,
				D7E725881AA486D10016F1E4 /* Resources */,
			);
			buildRules = (
			);
			dependencies = (
			);
			name = matchTemple;
			productName = matchTemple;
			productReference = D7E7258A1AA486D10016F1E4 /* matchTemple.app */;
			productType = "com.apple.product-type.application";
		};
		D7E725A21AA486D10016F1E4 /* matchTempleTests */ = {
			isa = PBXNativeTarget;
			buildConfigurationList = D7E725B01AA486D10016F1E4 /* Build configuration list for PBXNativeTarget "matchTempleTests" */;
			buildPhases = (
				D7E7259F1AA486D10016F1E4 /* Sources */,
				D7E725A01AA486D10016F1E4 /* Frameworks */,
				D7E725A11AA486D10016F1E4 /* Resources */,
			);
			buildRules = (
			);
			dependencies = (
				D7E725A51AA486D10016F1E4 /* PBXTargetDependency */,
			);
			name = matchTempleTests;
			productName = matchTempleTests;
			productReference = D7E725A31AA486D10016F1E4 /* matchTempleTests.xctest */;
			productType = "com.apple.product-type.bundle.unit-test";
		};
/* End PBXNativeTarget section */

/* Begin PBXProject section */
		D7E725821AA486D10016F1E4 /* Project object */ = {
			isa = PBXProject;
			attributes = {
				LastUpgradeCheck = 0610;
				ORGANIZATIONNAME = xl;
				TargetAttributes = {
					D7E725891AA486D10016F1E4 = {
						CreatedOnToolsVersion = 6.1.1;
					};
					D7E725A21AA486D10016F1E4 = {
						CreatedOnToolsVersion = 6.1.1;
						TestTargetID = D7E725891AA486D10016F1E4;
					};
				};
			};
			buildConfigurationList = D7E725851AA486D10016F1E4 /* Build configuration list for PBXProject "matchTemple" */;
			compatibilityVersion = "Xcode 3.2";
			developmentRegion = English;
			hasScannedForEncodings = 0;
			knownRegions = (
				en,
				Base,
			);
			mainGroup = D7E725811AA486D10016F1E4;
			productRefGroup = D7E7258B1AA486D10016F1E4 /* Products */;
			projectDirPath = "";
			projectRoot = "";
			targets = (
				D7E725891AA486D10016F1E4 /* matchTemple */,
				D7E725A21AA486D10016F1E4 /* matchTempleTests */,
			);
		};
/* End PBXProject section */

/* Begin PBXResourcesBuildPhase section */
		D7E725881AA486D10016F1E4 /* Resources */ = {
			isa = PBXResourcesBuildPhase;
			buildActionMask = 2147483647;
			files = (
				D78AD1791AA7020100D32A94 /* Images.xcassets in Resources */,
				D7E725991AA486D10016F1E4 /* Main.storyboard in Resources */,
				D7E7259E1AA486D10016F1E4 /* LaunchScreen.xib in Resources */,
				D79C0F8C1AC2A8D800E2760C /* result.txt in Resources */,
				D71757261AE8D5CC009F7E6C /* result256_10_2.txt in Resources */,
			);
			runOnlyForDeploymentPostprocessing = 0;
		};
		D7E725A11AA486D10016F1E4 /* Resources */ = {
			isa = PBXResourcesBuildPhase;
			buildActionMask = 2147483647;
			files = (
			);
			runOnlyForDeploymentPostprocessing = 0;
		};
/* End PBXResourcesBuildPhase section */

/* Begin PBXSourcesBuildPhase section */
		D7E725861AA486D10016F1E4 /* Sources */ = {
			isa = PBXSourcesBuildPhase;
			buildActionMask = 2147483647;
			files = (
				D74D90DD1AE79FA300F75A4A /* openCVClassifierApp.mm in Sources */,
				D7E725C11AA48B360016F1E4 /* UIImage+OpenCV.mm in Sources */,
				D7E725C91AA48EEA0016F1E4 /* opencvImageProc.mm in Sources */,
				D74D90DA1AE79E4C00F75A4A /* rootViewController.m in Sources */,
				D77137751AA9760C00BB9FED /* opencvWarp.mm in Sources */,
				D7E725961AA486D10016F1E4 /* ViewController.m in Sources */,
				D7E725931AA486D10016F1E4 /* AppDelegate.m in Sources */,
				D7E725901AA486D10016F1E4 /* main.m in Sources */,
				D7596DCF1ABABB71006B2C1A /* findImageVc.m in Sources */,
			);
			runOnlyForDeploymentPostprocessing = 0;
		};
		D7E7259F1AA486D10016F1E4 /* Sources */ = {
			isa = PBXSourcesBuildPhase;
			buildActionMask = 2147483647;
			files = (
				D7E725AA1AA486D10016F1E4 /* matchTempleTests.m in Sources */,
			);
			runOnlyForDeploymentPostprocessing = 0;
		};
/* End PBXSourcesBuildPhase section */

/* Begin PBXTargetDependency section */
		D7E725A51AA486D10016F1E4 /* PBXTargetDependency */ = {
			isa = PBXTargetDependency;
			target = D7E725891AA486D10016F1E4 /* matchTemple */;
			targetProxy = D7E725A41AA486D10016F1E4 /* PBXContainerItemProxy */;
		};
/* End PBXTargetDependency section */

/* Begin PBXVariantGroup section */
		D7E725971AA486D10016F1E4 /* Main.storyboard */ = {
			isa = PBXVariantGroup;
			children = (
				D7E725981AA486D10016F1E4 /* Base */,
			);
			name = Main.storyboard;
			sourceTree = "<group>";
		};
		D7E7259C1AA486D10016F1E4 /* LaunchScreen.xib */ = {
			isa = PBXVariantGroup;
			children = (
				D7E7259D1AA486D10016F1E4 /* Base */,
			);
			name = LaunchScreen.xib;
			sourceTree = "<group>";
		};
/* End PBXVariantGroup section */

/* Begin XCBuildConfiguration section */
		D7E725AB1AA486D10016F1E4 /* Debug */ = {
			isa = XCBuildConfiguration;
			buildSettings = {
				ALWAYS_SEARCH_USER_PATHS = NO;
				CLANG_CXX_LANGUAGE_STANDARD = "gnu++0x";
				CLANG_CXX_LIBRARY = "libc++";
				CLANG_ENABLE_MODULES = YES;
				CLANG_ENABLE_OBJC_ARC = YES;
				CLANG_WARN_BOOL_CONVERSION = YES;
				CLANG_WARN_CONSTANT_CONVERSION = YES;
				CLANG_WARN_DIRECT_OBJC_ISA_USAGE = YES_ERROR;
				CLANG_WARN_EMPTY_BODY = YES;
				CLANG_WARN_ENUM_CONVERSION = YES;
				CLANG_WARN_INT_CONVERSION = YES;
				CLANG_WARN_OBJC_ROOT_CLASS = YES_ERROR;
				CLANG_WARN_UNREACHABLE_CODE = YES;
				CLANG_WARN__DUPLICATE_METHOD_MATCH = YES;
				"CODE_SIGN_IDENTITY[sdk=iphoneos*]" = "iPhone Developer";
				COPY_PHASE_STRIP = NO;
				ENABLE_STRICT_OBJC_MSGSEND = YES;
				GCC_C_LANGUAGE_STANDARD = gnu99;
				GCC_DYNAMIC_NO_PIC = NO;
				GCC_OPTIMIZATION_LEVEL = 0;
				GCC_PREPROCESSOR_DEFINITIONS = (
					"DEBUG=1",
					"$(inherited)",
				);
				GCC_SYMBOLS_PRIVATE_EXTERN = NO;
				GCC_WARN_64_TO_32_BIT_CONVERSION = YES;
				GCC_WARN_ABOUT_RETURN_TYPE = YES_ERROR;
				GCC_WARN_UNDECLARED_SELECTOR = YES;
				GCC_WARN_UNINITIALIZED_AUTOS = YES_AGGRESSIVE;
				GCC_WARN_UNUSED_FUNCTION = YES;
				GCC_WARN_UNUSED_VARIABLE = YES;
				IPHONEOS_DEPLOYMENT_TARGET = 8.1;
				MTL_ENABLE_DEBUG_INFO = YES;
				ONLY_ACTIVE_ARCH = YES;
				SDKROOT = iphoneos;
				TARGETED_DEVICE_FAMILY = "1,2";
			};
			name = Debug;
		};
		D7E725AC1AA486D10016F1E4 /* Release */ = {
			isa = XCBuildConfiguration;
			buildSettings = {
				ALWAYS_SEARCH_USER_PATHS = NO;
				CLANG_CXX_LANGUAGE_STANDARD = "gnu++0x";
				CLANG_CXX_LIBRARY = "libc++";
				CLANG_ENABLE_MODULES = YES;
				CLANG_ENABLE_OBJC_ARC = YES;
				CLANG_WARN_BOOL_CONVERSION = YES;
				CLANG_WARN_CONSTANT_CONVERSION = YES;
				CLANG_WARN_DIRECT_OBJC_ISA_USAGE = YES_ERROR;
				CLANG_WARN_EMPTY_BODY = YES;
				CLANG_WARN_ENUM_CONVERSION = YES;
				CLANG_WARN_INT_CONVERSION = YES;
				CLANG_WARN_OBJC_ROOT_CLASS = YES_ERROR;
				CLANG_WARN_UNREACHABLE_CODE = YES;
				CLANG_WARN__DUPLICATE_METHOD_MATCH = YES;
				"CODE_SIGN_IDENTITY[sdk=iphoneos*]" = "iPhone Developer";
				COPY_PHASE_STRIP = YES;
				ENABLE_NS_ASSERTIONS = NO;
				ENABLE_STRICT_OBJC_MSGSEND = YES;
				GCC_C_LANGUAGE_STANDARD = gnu99;
				GCC_WARN_64_TO_32_BIT_CONVERSION = YES;
				GCC_WARN_ABOUT_RETURN_TYPE = YES_ERROR;
				GCC_WARN_UNDECLARED_SELECTOR = YES;
				GCC_WARN_UNINITIALIZED_AUTOS = YES_AGGRESSIVE;
				GCC_WARN_UNUSED_FUNCTION = YES;
				GCC_WARN_UNUSED_VARIABLE = YES;
				IPHONEOS_DEPLOYMENT_TARGET = 8.1;
				MTL_ENABLE_DEBUG_INFO = NO;
				SDKROOT = iphoneos;
				TARGETED_DEVICE_FAMILY = "1,2";
				VALIDATE_PRODUCT = YES;
			};
			name = Release;
		};
		D7E725AE1AA486D10016F1E4 /* Debug */ = {
			isa = XCBuildConfiguration;
			buildSettings = {
				ASSETCATALOG_COMPILER_APPICON_NAME = AppIcon;
				CODE_SIGN_IDENTITY = "iPhone Developer";
				"CODE_SIGN_IDENTITY[sdk=iphoneos*]" = "iPhone Developer";
				FRAMEWORK_SEARCH_PATHS = (
					"$(inherited)",
					"$(PROJECT_DIR)/matchTemple",
				);
				INFOPLIST_FILE = matchTemple/Info.plist;
				IPHONEOS_DEPLOYMENT_TARGET = 7.0;
				LD_RUNPATH_SEARCH_PATHS = "$(inherited) @executable_path/Frameworks";
				PRODUCT_NAME = "$(TARGET_NAME)";
				PROVISIONING_PROFILE = "";
				TARGETED_DEVICE_FAMILY = 1;
			};
			name = Debug;
		};
		D7E725AF1AA486D10016F1E4 /* Release */ = {
			isa = XCBuildConfiguration;
			buildSettings = {
				ASSETCATALOG_COMPILER_APPICON_NAME = AppIcon;
				CODE_SIGN_IDENTITY = "iPhone Developer";
				"CODE_SIGN_IDENTITY[sdk=iphoneos*]" = "iPhone Developer";
				FRAMEWORK_SEARCH_PATHS = (
					"$(inherited)",
					"$(PROJECT_DIR)/matchTemple",
				);
				INFOPLIST_FILE = matchTemple/Info.plist;
				IPHONEOS_DEPLOYMENT_TARGET = 7.0;
				LD_RUNPATH_SEARCH_PATHS = "$(inherited) @executable_path/Frameworks";
				PRODUCT_NAME = "$(TARGET_NAME)";
				PROVISIONING_PROFILE = "";
				TARGETED_DEVICE_FAMILY = 1;
			};
			name = Release;
		};
		D7E725B11AA486D10016F1E4 /* Debug */ = {
			isa = XCBuildConfiguration;
			buildSettings = {
				FRAMEWORK_SEARCH_PATHS = (
					"$(SDKROOT)/Developer/Library/Frameworks",
					"$(inherited)",
				);
				GCC_PREPROCESSOR_DEFINITIONS = (
					"DEBUG=1",
					"$(inherited)",
				);
				INFOPLIST_FILE = matchTempleTests/Info.plist;
				IPHONEOS_DEPLOYMENT_TARGET = 8.0;
				LD_RUNPATH_SEARCH_PATHS = "$(inherited) @executable_path/Frameworks @loader_path/Frameworks";
				PRODUCT_NAME = "$(TARGET_NAME)";
				TEST_HOST = "$(BUILT_PRODUCTS_DIR)/matchTemple.app/matchTemple";
			};
			name = Debug;
		};
		D7E725B21AA486D10016F1E4 /* Release */ = {
			isa = XCBuildConfiguration;
			buildSettings = {
				FRAMEWORK_SEARCH_PATHS = (
					"$(SDKROOT)/Developer/Library/Frameworks",
					"$(inherited)",
				);
				INFOPLIST_FILE = matchTempleTests/Info.plist;
				IPHONEOS_DEPLOYMENT_TARGET = 8.0;
				LD_RUNPATH_SEARCH_PATHS = "$(inherited) @executable_path/Frameworks @loader_path/Frameworks";
				PRODUCT_NAME = "$(TARGET_NAME)";
				TEST_HOST = "$(BUILT_PRODUCTS_DIR)/matchTemple.app/matchTemple";
			};
			name = Release;
		};
/* End XCBuildConfiguration section */

/* Begin XCConfigurationList section */
		D7E725851AA486D10016F1E4 /* Build configuration list for PBXProject "matchTemple" */ = {
			isa = XCConfigurationList;
			buildConfigurations = (
				D7E725AB1AA486D10016F1E4 /* Debug */,
				D7E725AC1AA486D10016F1E4 /* Release */,
			);
			defaultConfigurationIsVisible = 0;
			defaultConfigurationName = Release;
		};
		D7E725AD1AA486D10016F1E4 /* Build configuration list for PBXNativeTarget "matchTemple" */ = {
			isa = XCConfigurationList;
			buildConfigurations = (
				D7E725AE1AA486D10016F1E4 /* Debug */,
				D7E725AF1AA486D10016F1E4 /* Release */,
			);
			defaultConfigurationIsVisible = 0;
			defaultConfigurationName = Release;
		};
		D7E725B01AA486D10016F1E4 /* Build configuration list for PBXNativeTarget "matchTempleTests" */ = {
			isa = XCConfigurationList;
			buildConfigurations = (
				D7E725B11AA486D10016F1E4 /* Debug */,
				D7E725B21AA486D10016F1E4 /* Release */,
			);
			defaultConfigurationIsVisible = 0;
			defaultConfigurationName = Release;
		};
/* End XCConfigurationList section */
	};
	rootObject = D7E725821AA486D10016F1E4 /* Project object */;
}
